
Microsoft Visual Studio Solution File, Format Version 12.00
# Visual Studio 15
Project("{2150E333-8FDC-42A3-9474-1A3956D46DE8}") = "iOS", "iOS", "{AC5433B7-EC81-4ED0-BB0D-7B540C426901}"
EndProject
Project("{2150E333-8FDC-42A3-9474-1A3956D46DE8}") = "Android", "Android", "{39A6DED5-DB5E-4901-80F6-AF5799F1F295}"
EndProject
Project("{2150E333-8FDC-42A3-9474-1A3956D46DE8}") = "Xamarin.Forms", "Xamarin.Forms", "{CDD3A720-32B3-4CAF-9654-C58995D0A07F}"
EndProject
Project("{2150E333-8FDC-42A3-9474-1A3956D46DE8}") = "Forms", "Forms", "{4701AAC0-5FAF-45A3-A849-1CB426125ADE}"
EndProject
Project("{2150E333-8FDC-42A3-9474-1A3956D46DE8}") = "Shell", "Shell", "{3CC70D6A-C7BB-4F30-8954-B44E569F90AD}"
EndProject
Project("{FAE04EC0-301F-11D3-BF4B-00C04F79EFBC}") = "ToolsDemo", "Android\ToolsDemo\ToolsDemo.csproj", "{BFB6834E-B800-4966-9E2F-F26E268BC307}"
EndProject
Project("{FAE04EC0-301F-11D3-BF4B-00C04F79EFBC}") = "FormsApp.Android", "Xamarin.Forms\Forms\FormsApp.Android\FormsApp.Android.csproj", "{C42D4C05-0013-45DB-A4B1-5D3881EADC40}"
EndProject
Project("{FAE04EC0-301F-11D3-BF4B-00C04F79EFBC}") = "FormsApp.iOS", "Xamarin.Forms\Forms\FormsApp.iOS\FormsApp.iOS.csproj", "{BA24F059-374B-41F4-B97D-B5EC77EAD6DF}"
EndProject
Project("{FAE04EC0-301F-11D3-BF4B-00C04F79EFBC}") = "FormsApp", "Xamarin.Forms\Forms\FormsApp\FormsApp.csproj", "{5A889ABD-E957-4BE8-9109-EB2EDCADD398}"
EndProject
Project("{FAE04EC0-301F-11D3-BF4B-00C04F79EFBC}") = "Gastropod", "Xamarin.Forms\FormsShell\Gastropod\Gastropod.csproj", "{D54BADA9-1F9E-4853-9939-5E47BDA99784}"
EndProject
Project("{FAE04EC0-301F-11D3-BF4B-00C04F79EFBC}") = "Gastropod.Android", "Xamarin.Forms\FormsShell\Gastropod.Android\Gastropod.Android.csproj", "{375010A4-6FE3-4AAF-B14D-60786BB4425D}"
EndProject
Project("{FAE04EC0-301F-11D3-BF4B-00C04F79EFBC}") = "Gastropod.iOS", "Xamarin.Forms\FormsShell\Gastropod.iOS\Gastropod.iOS.csproj", "{8E2736E4-A040-426B-87BD-464D2D47F034}"
EndProject
Project("{2150E333-8FDC-42A3-9474-1A3956D46DE8}") = "Xamarin.Essentials", "Xamarin.Essentials", "{0BB2F66B-D929-4CAC-96FE-812FF36D9B16}"
EndProject
Project("{FAE04EC0-301F-11D3-BF4B-00C04F79EFBC}") = "EssentialsDemo.Android", "Xamarin.Essentials\EssentialsDemo.Android\EssentialsDemo.Android.csproj", "{7FD34293-893D-4E3C-BF70-8F10C7FC8126}"
EndProject
Project("{FAE04EC0-301F-11D3-BF4B-00C04F79EFBC}") = "EssentialsDemo.iOS", "Xamarin.Essentials\EssentialsDemo.iOS\EssentialsDemo.iOS.csproj", "{B6F447E1-EB91-4EF1-9F9D-0207F992B04C}"
EndProject
Project("{FAE04EC0-301F-11D3-BF4B-00C04F79EFBC}") = "EssentialsDemo", "Xamarin.Essentials\EssentialsDemo\EssentialsDemo.csproj", "{C96D6751-D8B6-4D11-BA6F-6371A8FFD0EB}"
EndProject
Project("{FAE04EC0-301F-11D3-BF4B-00C04F79EFBC}") = "OrderSoupIntentBinding", "iOS\OrderSoupIntentBinding\OrderSoupIntentBinding.csproj", "{D76C0BF4-85BB-40D7-A82E-9C8A74BAB169}"
EndProject
Project("{FAE04EC0-301F-11D3-BF4B-00C04F79EFBC}") = "SoupChef", "iOS\SoupChef\SoupChef.csproj", "{63853807-0805-41E0-8B8A-F9C800DC41BA}"
EndProject
Project("{FAE04EC0-301F-11D3-BF4B-00C04F79EFBC}") = "SoupChefIntents", "iOS\SoupChefIntents\SoupChefIntents.csproj", "{79BD781B-589B-48DF-B46D-21B83C833FCA}"
EndProject
Project("{FAE04EC0-301F-11D3-BF4B-00C04F79EFBC}") = "SoupChefIntentsUI", "iOS\SoupChefIntentsUI\SoupChefIntentsUI.csproj", "{1D563B8E-73B6-4CD0-B046-B77F6FAA4B7B}"
EndProject
Project("{FAE04EC0-301F-11D3-BF4B-00C04F79EFBC}") = "SoupKit", "iOS\SoupKit\SoupKit.csproj", "{690EF06A-88BD-405D-A7EA-06FE67D1F301}"
EndProject
Global
	GlobalSection(SolutionConfigurationPlatforms) = preSolution
		Debug|Any CPU = Debug|Any CPU
		Release|Any CPU = Release|Any CPU
		Debug|iPhoneSimulator = Debug|iPhoneSimulator
		Release|iPhoneSimulator = Release|iPhoneSimulator
		Debug|iPhone = Debug|iPhone
		Release|iPhone = Release|iPhone
		Ad-Hoc|iPhone = Ad-Hoc|iPhone
		AppStore|iPhone = AppStore|iPhone
	EndGlobalSection
	GlobalSection(ProjectConfigurationPlatforms) = postSolution
		{BFB6834E-B800-4966-9E2F-F26E268BC307}.Debug|Any CPU.ActiveCfg = Debug|Any CPU
		{BFB6834E-B800-4966-9E2F-F26E268BC307}.Debug|Any CPU.Build.0 = Debug|Any CPU
		{BFB6834E-B800-4966-9E2F-F26E268BC307}.Release|Any CPU.ActiveCfg = Release|Any CPU
		{BFB6834E-B800-4966-9E2F-F26E268BC307}.Release|Any CPU.Build.0 = Release|Any CPU
		{BFB6834E-B800-4966-9E2F-F26E268BC307}.Debug|iPhoneSimulator.ActiveCfg = Debug|Any CPU
		{BFB6834E-B800-4966-9E2F-F26E268BC307}.Debug|iPhoneSimulator.Build.0 = Debug|Any CPU
		{BFB6834E-B800-4966-9E2F-F26E268BC307}.Release|iPhoneSimulator.ActiveCfg = Release|Any CPU
		{BFB6834E-B800-4966-9E2F-F26E268BC307}.Release|iPhoneSimulator.Build.0 = Release|Any CPU
		{BFB6834E-B800-4966-9E2F-F26E268BC307}.Debug|iPhone.ActiveCfg = Debug|Any CPU
		{BFB6834E-B800-4966-9E2F-F26E268BC307}.Debug|iPhone.Build.0 = Debug|Any CPU
		{BFB6834E-B800-4966-9E2F-F26E268BC307}.Release|iPhone.ActiveCfg = Release|Any CPU
		{BFB6834E-B800-4966-9E2F-F26E268BC307}.Release|iPhone.Build.0 = Release|Any CPU
		{BFB6834E-B800-4966-9E2F-F26E268BC307}.Ad-Hoc|iPhone.ActiveCfg = Debug|Any CPU
		{BFB6834E-B800-4966-9E2F-F26E268BC307}.Ad-Hoc|iPhone.Build.0 = Debug|Any CPU
		{BFB6834E-B800-4966-9E2F-F26E268BC307}.AppStore|iPhone.ActiveCfg = Debug|Any CPU
		{BFB6834E-B800-4966-9E2F-F26E268BC307}.AppStore|iPhone.Build.0 = Debug|Any CPU
		{C42D4C05-0013-45DB-A4B1-5D3881EADC40}.Debug|Any CPU.ActiveCfg = Debug|Any CPU
		{C42D4C05-0013-45DB-A4B1-5D3881EADC40}.Debug|Any CPU.Build.0 = Debug|Any CPU
		{C42D4C05-0013-45DB-A4B1-5D3881EADC40}.Release|Any CPU.ActiveCfg = Release|Any CPU
		{C42D4C05-0013-45DB-A4B1-5D3881EADC40}.Release|Any CPU.Build.0 = Release|Any CPU
		{C42D4C05-0013-45DB-A4B1-5D3881EADC40}.Debug|iPhoneSimulator.ActiveCfg = Debug|Any CPU
		{C42D4C05-0013-45DB-A4B1-5D3881EADC40}.Debug|iPhoneSimulator.Build.0 = Debug|Any CPU
		{C42D4C05-0013-45DB-A4B1-5D3881EADC40}.Release|iPhoneSimulator.ActiveCfg = Release|Any CPU
		{C42D4C05-0013-45DB-A4B1-5D3881EADC40}.Release|iPhoneSimulator.Build.0 = Release|Any CPU
		{C42D4C05-0013-45DB-A4B1-5D3881EADC40}.Debug|iPhone.ActiveCfg = Debug|Any CPU
		{C42D4C05-0013-45DB-A4B1-5D3881EADC40}.Debug|iPhone.Build.0 = Debug|Any CPU
		{C42D4C05-0013-45DB-A4B1-5D3881EADC40}.Release|iPhone.ActiveCfg = Release|Any CPU
		{C42D4C05-0013-45DB-A4B1-5D3881EADC40}.Release|iPhone.Build.0 = Release|Any CPU
		{C42D4C05-0013-45DB-A4B1-5D3881EADC40}.Ad-Hoc|iPhone.ActiveCfg = Debug|Any CPU
		{C42D4C05-0013-45DB-A4B1-5D3881EADC40}.Ad-Hoc|iPhone.Build.0 = Debug|Any CPU
		{C42D4C05-0013-45DB-A4B1-5D3881EADC40}.AppStore|iPhone.ActiveCfg = Debug|Any CPU
		{C42D4C05-0013-45DB-A4B1-5D3881EADC40}.AppStore|iPhone.Build.0 = Debug|Any CPU
		{BA24F059-374B-41F4-B97D-B5EC77EAD6DF}.Debug|Any CPU.ActiveCfg = Debug|iPhoneSimulator
		{BA24F059-374B-41F4-B97D-B5EC77EAD6DF}.Debug|Any CPU.Build.0 = Debug|iPhoneSimulator
		{BA24F059-374B-41F4-B97D-B5EC77EAD6DF}.Release|Any CPU.ActiveCfg = Release|iPhoneSimulator
		{BA24F059-374B-41F4-B97D-B5EC77EAD6DF}.Release|Any CPU.Build.0 = Release|iPhoneSimulator
		{BA24F059-374B-41F4-B97D-B5EC77EAD6DF}.Debug|iPhoneSimulator.ActiveCfg = Debug|iPhoneSimulator
		{BA24F059-374B-41F4-B97D-B5EC77EAD6DF}.Debug|iPhoneSimulator.Build.0 = Debug|iPhoneSimulator
		{BA24F059-374B-41F4-B97D-B5EC77EAD6DF}.Release|iPhoneSimulator.ActiveCfg = Release|iPhoneSimulator
		{BA24F059-374B-41F4-B97D-B5EC77EAD6DF}.Release|iPhoneSimulator.Build.0 = Release|iPhoneSimulator
		{BA24F059-374B-41F4-B97D-B5EC77EAD6DF}.Debug|iPhone.ActiveCfg = Debug|iPhone
		{BA24F059-374B-41F4-B97D-B5EC77EAD6DF}.Debug|iPhone.Build.0 = Debug|iPhone
		{BA24F059-374B-41F4-B97D-B5EC77EAD6DF}.Release|iPhone.ActiveCfg = Release|iPhone
		{BA24F059-374B-41F4-B97D-B5EC77EAD6DF}.Release|iPhone.Build.0 = Release|iPhone
		{BA24F059-374B-41F4-B97D-B5EC77EAD6DF}.Ad-Hoc|iPhone.ActiveCfg = Ad-Hoc|iPhone
		{BA24F059-374B-41F4-B97D-B5EC77EAD6DF}.Ad-Hoc|iPhone.Build.0 = Ad-Hoc|iPhone
		{BA24F059-374B-41F4-B97D-B5EC77EAD6DF}.AppStore|iPhone.ActiveCfg = AppStore|iPhone
		{BA24F059-374B-41F4-B97D-B5EC77EAD6DF}.AppStore|iPhone.Build.0 = AppStore|iPhone
		{5A889ABD-E957-4BE8-9109-EB2EDCADD398}.Debug|Any CPU.ActiveCfg = Debug|Any CPU
		{5A889ABD-E957-4BE8-9109-EB2EDCADD398}.Debug|Any CPU.Build.0 = Debug|Any CPU
		{5A889ABD-E957-4BE8-9109-EB2EDCADD398}.Release|Any CPU.ActiveCfg = Release|Any CPU
		{5A889ABD-E957-4BE8-9109-EB2EDCADD398}.Release|Any CPU.Build.0 = Release|Any CPU
		{5A889ABD-E957-4BE8-9109-EB2EDCADD398}.Debug|iPhoneSimulator.ActiveCfg = Debug|Any CPU
		{5A889ABD-E957-4BE8-9109-EB2EDCADD398}.Debug|iPhoneSimulator.Build.0 = Debug|Any CPU
		{5A889ABD-E957-4BE8-9109-EB2EDCADD398}.Release|iPhoneSimulator.ActiveCfg = Release|Any CPU
		{5A889ABD-E957-4BE8-9109-EB2EDCADD398}.Release|iPhoneSimulator.Build.0 = Release|Any CPU
		{5A889ABD-E957-4BE8-9109-EB2EDCADD398}.Debug|iPhone.ActiveCfg = Debug|Any CPU
		{5A889ABD-E957-4BE8-9109-EB2EDCADD398}.Debug|iPhone.Build.0 = Debug|Any CPU
		{5A889ABD-E957-4BE8-9109-EB2EDCADD398}.Release|iPhone.ActiveCfg = Release|Any CPU
		{5A889ABD-E957-4BE8-9109-EB2EDCADD398}.Release|iPhone.Build.0 = Release|Any CPU
		{5A889ABD-E957-4BE8-9109-EB2EDCADD398}.Ad-Hoc|iPhone.ActiveCfg = Debug|Any CPU
		{5A889ABD-E957-4BE8-9109-EB2EDCADD398}.Ad-Hoc|iPhone.Build.0 = Debug|Any CPU
		{5A889ABD-E957-4BE8-9109-EB2EDCADD398}.AppStore|iPhone.ActiveCfg = Debug|Any CPU
		{5A889ABD-E957-4BE8-9109-EB2EDCADD398}.AppStore|iPhone.Build.0 = Debug|Any CPU
		{D54BADA9-1F9E-4853-9939-5E47BDA99784}.Debug|Any CPU.ActiveCfg = Debug|Any CPU
		{D54BADA9-1F9E-4853-9939-5E47BDA99784}.Debug|Any CPU.Build.0 = Debug|Any CPU
		{D54BADA9-1F9E-4853-9939-5E47BDA99784}.Release|Any CPU.ActiveCfg = Release|Any CPU
		{D54BADA9-1F9E-4853-9939-5E47BDA99784}.Release|Any CPU.Build.0 = Release|Any CPU
		{D54BADA9-1F9E-4853-9939-5E47BDA99784}.Debug|iPhoneSimulator.ActiveCfg = Debug|Any CPU
		{D54BADA9-1F9E-4853-9939-5E47BDA99784}.Debug|iPhoneSimulator.Build.0 = Debug|Any CPU
		{D54BADA9-1F9E-4853-9939-5E47BDA99784}.Release|iPhoneSimulator.ActiveCfg = Release|Any CPU
		{D54BADA9-1F9E-4853-9939-5E47BDA99784}.Release|iPhoneSimulator.Build.0 = Release|Any CPU
		{D54BADA9-1F9E-4853-9939-5E47BDA99784}.Debug|iPhone.ActiveCfg = Debug|Any CPU
		{D54BADA9-1F9E-4853-9939-5E47BDA99784}.Debug|iPhone.Build.0 = Debug|Any CPU
		{D54BADA9-1F9E-4853-9939-5E47BDA99784}.Release|iPhone.ActiveCfg = Release|Any CPU
		{D54BADA9-1F9E-4853-9939-5E47BDA99784}.Release|iPhone.Build.0 = Release|Any CPU
		{D54BADA9-1F9E-4853-9939-5E47BDA99784}.Ad-Hoc|iPhone.ActiveCfg = Release|Any CPU
		{D54BADA9-1F9E-4853-9939-5E47BDA99784}.Ad-Hoc|iPhone.Build.0 = Release|Any CPU
		{D54BADA9-1F9E-4853-9939-5E47BDA99784}.AppStore|iPhone.ActiveCfg = Release|Any CPU
		{D54BADA9-1F9E-4853-9939-5E47BDA99784}.AppStore|iPhone.Build.0 = Release|Any CPU
		{375010A4-6FE3-4AAF-B14D-60786BB4425D}.Debug|Any CPU.ActiveCfg = Debug|Any CPU
		{375010A4-6FE3-4AAF-B14D-60786BB4425D}.Debug|Any CPU.Build.0 = Debug|Any CPU
		{375010A4-6FE3-4AAF-B14D-60786BB4425D}.Release|Any CPU.ActiveCfg = Release|Any CPU
		{375010A4-6FE3-4AAF-B14D-60786BB4425D}.Release|Any CPU.Build.0 = Release|Any CPU
		{375010A4-6FE3-4AAF-B14D-60786BB4425D}.Debug|iPhoneSimulator.ActiveCfg = Debug|Any CPU
		{375010A4-6FE3-4AAF-B14D-60786BB4425D}.Debug|iPhoneSimulator.Build.0 = Debug|Any CPU
		{375010A4-6FE3-4AAF-B14D-60786BB4425D}.Release|iPhoneSimulator.ActiveCfg = Release|Any CPU
		{375010A4-6FE3-4AAF-B14D-60786BB4425D}.Release|iPhoneSimulator.Build.0 = Release|Any CPU
		{375010A4-6FE3-4AAF-B14D-60786BB4425D}.Debug|iPhone.ActiveCfg = Debug|Any CPU
		{375010A4-6FE3-4AAF-B14D-60786BB4425D}.Debug|iPhone.Build.0 = Debug|Any CPU
		{375010A4-6FE3-4AAF-B14D-60786BB4425D}.Release|iPhone.ActiveCfg = Release|Any CPU
		{375010A4-6FE3-4AAF-B14D-60786BB4425D}.Release|iPhone.Build.0 = Release|Any CPU
		{375010A4-6FE3-4AAF-B14D-60786BB4425D}.Ad-Hoc|iPhone.ActiveCfg = Release|Any CPU
		{375010A4-6FE3-4AAF-B14D-60786BB4425D}.Ad-Hoc|iPhone.Build.0 = Release|Any CPU
		{375010A4-6FE3-4AAF-B14D-60786BB4425D}.AppStore|iPhone.ActiveCfg = Release|Any CPU
		{375010A4-6FE3-4AAF-B14D-60786BB4425D}.AppStore|iPhone.Build.0 = Release|Any CPU
		{8E2736E4-A040-426B-87BD-464D2D47F034}.Debug|Any CPU.ActiveCfg = Debug|iPhoneSimulator
		{8E2736E4-A040-426B-87BD-464D2D47F034}.Debug|Any CPU.Build.0 = Debug|iPhoneSimulator
		{8E2736E4-A040-426B-87BD-464D2D47F034}.Release|Any CPU.ActiveCfg = Release|iPhoneSimulator
		{8E2736E4-A040-426B-87BD-464D2D47F034}.Release|Any CPU.Build.0 = Release|iPhoneSimulator
		{8E2736E4-A040-426B-87BD-464D2D47F034}.Debug|iPhoneSimulator.ActiveCfg = Debug|iPhoneSimulator
		{8E2736E4-A040-426B-87BD-464D2D47F034}.Debug|iPhoneSimulator.Build.0 = Debug|iPhoneSimulator
		{8E2736E4-A040-426B-87BD-464D2D47F034}.Release|iPhoneSimulator.ActiveCfg = Release|iPhoneSimulator
		{8E2736E4-A040-426B-87BD-464D2D47F034}.Release|iPhoneSimulator.Build.0 = Release|iPhoneSimulator
		{8E2736E4-A040-426B-87BD-464D2D47F034}.Debug|iPhone.ActiveCfg = Debug|iPhone
		{8E2736E4-A040-426B-87BD-464D2D47F034}.Debug|iPhone.Build.0 = Debug|iPhone
		{8E2736E4-A040-426B-87BD-464D2D47F034}.Release|iPhone.ActiveCfg = Release|iPhone
		{8E2736E4-A040-426B-87BD-464D2D47F034}.Release|iPhone.Build.0 = Release|iPhone
		{8E2736E4-A040-426B-87BD-464D2D47F034}.Ad-Hoc|iPhone.ActiveCfg = Ad-Hoc|iPhone
		{8E2736E4-A040-426B-87BD-464D2D47F034}.Ad-Hoc|iPhone.Build.0 = Ad-Hoc|iPhone
		{8E2736E4-A040-426B-87BD-464D2D47F034}.AppStore|iPhone.ActiveCfg = AppStore|iPhone
		{8E2736E4-A040-426B-87BD-464D2D47F034}.AppStore|iPhone.Build.0 = AppStore|iPhone
		{7FD34293-893D-4E3C-BF70-8F10C7FC8126}.Debug|Any CPU.ActiveCfg = Debug|Any CPU
		{7FD34293-893D-4E3C-BF70-8F10C7FC8126}.Debug|Any CPU.Build.0 = Debug|Any CPU
		{7FD34293-893D-4E3C-BF70-8F10C7FC8126}.Release|Any CPU.ActiveCfg = Release|Any CPU
		{7FD34293-893D-4E3C-BF70-8F10C7FC8126}.Release|Any CPU.Build.0 = Release|Any CPU
		{7FD34293-893D-4E3C-BF70-8F10C7FC8126}.Debug|iPhoneSimulator.ActiveCfg = Debug|Any CPU
		{7FD34293-893D-4E3C-BF70-8F10C7FC8126}.Debug|iPhoneSimulator.Build.0 = Debug|Any CPU
		{7FD34293-893D-4E3C-BF70-8F10C7FC8126}.Release|iPhoneSimulator.ActiveCfg = Release|Any CPU
		{7FD34293-893D-4E3C-BF70-8F10C7FC8126}.Release|iPhoneSimulator.Build.0 = Release|Any CPU
		{7FD34293-893D-4E3C-BF70-8F10C7FC8126}.Debug|iPhone.ActiveCfg = Debug|Any CPU
		{7FD34293-893D-4E3C-BF70-8F10C7FC8126}.Debug|iPhone.Build.0 = Debug|Any CPU
		{7FD34293-893D-4E3C-BF70-8F10C7FC8126}.Release|iPhone.ActiveCfg = Release|Any CPU
		{7FD34293-893D-4E3C-BF70-8F10C7FC8126}.Release|iPhone.Build.0 = Release|Any CPU
		{7FD34293-893D-4E3C-BF70-8F10C7FC8126}.Ad-Hoc|iPhone.ActiveCfg = Release|Any CPU
		{7FD34293-893D-4E3C-BF70-8F10C7FC8126}.Ad-Hoc|iPhone.Build.0 = Release|Any CPU
		{7FD34293-893D-4E3C-BF70-8F10C7FC8126}.AppStore|iPhone.ActiveCfg = Release|Any CPU
		{7FD34293-893D-4E3C-BF70-8F10C7FC8126}.AppStore|iPhone.Build.0 = Release|Any CPU
		{B6F447E1-EB91-4EF1-9F9D-0207F992B04C}.Debug|Any CPU.ActiveCfg = Debug|iPhoneSimulator
		{B6F447E1-EB91-4EF1-9F9D-0207F992B04C}.Debug|Any CPU.Build.0 = Debug|iPhoneSimulator
		{B6F447E1-EB91-4EF1-9F9D-0207F992B04C}.Release|Any CPU.ActiveCfg = Release|iPhoneSimulator
		{B6F447E1-EB91-4EF1-9F9D-0207F992B04C}.Release|Any CPU.Build.0 = Release|iPhoneSimulator
		{B6F447E1-EB91-4EF1-9F9D-0207F992B04C}.Debug|iPhoneSimulator.ActiveCfg = Debug|iPhoneSimulator
		{B6F447E1-EB91-4EF1-9F9D-0207F992B04C}.Debug|iPhoneSimulator.Build.0 = Debug|iPhoneSimulator
		{B6F447E1-EB91-4EF1-9F9D-0207F992B04C}.Release|iPhoneSimulator.ActiveCfg = Release|iPhoneSimulator
		{B6F447E1-EB91-4EF1-9F9D-0207F992B04C}.Release|iPhoneSimulator.Build.0 = Release|iPhoneSimulator
		{B6F447E1-EB91-4EF1-9F9D-0207F992B04C}.Debug|iPhone.ActiveCfg = Debug|iPhone
		{B6F447E1-EB91-4EF1-9F9D-0207F992B04C}.Debug|iPhone.Build.0 = Debug|iPhone
		{B6F447E1-EB91-4EF1-9F9D-0207F992B04C}.Release|iPhone.ActiveCfg = Release|iPhone
		{B6F447E1-EB91-4EF1-9F9D-0207F992B04C}.Release|iPhone.Build.0 = Release|iPhone
		{B6F447E1-EB91-4EF1-9F9D-0207F992B04C}.Ad-Hoc|iPhone.ActiveCfg = Ad-Hoc|iPhone
		{B6F447E1-EB91-4EF1-9F9D-0207F992B04C}.Ad-Hoc|iPhone.Build.0 = Ad-Hoc|iPhone
		{B6F447E1-EB91-4EF1-9F9D-0207F992B04C}.AppStore|iPhone.ActiveCfg = AppStore|iPhone
		{B6F447E1-EB91-4EF1-9F9D-0207F992B04C}.AppStore|iPhone.Build.0 = AppStore|iPhone
		{C96D6751-D8B6-4D11-BA6F-6371A8FFD0EB}.Debug|Any CPU.ActiveCfg = Debug|Any CPU
		{C96D6751-D8B6-4D11-BA6F-6371A8FFD0EB}.Debug|Any CPU.Build.0 = Debug|Any CPU
		{C96D6751-D8B6-4D11-BA6F-6371A8FFD0EB}.Release|Any CPU.ActiveCfg = Release|Any CPU
		{C96D6751-D8B6-4D11-BA6F-6371A8FFD0EB}.Release|Any CPU.Build.0 = Release|Any CPU
		{C96D6751-D8B6-4D11-BA6F-6371A8FFD0EB}.Debug|iPhoneSimulator.ActiveCfg = Debug|Any CPU
		{C96D6751-D8B6-4D11-BA6F-6371A8FFD0EB}.Debug|iPhoneSimulator.Build.0 = Debug|Any CPU
		{C96D6751-D8B6-4D11-BA6F-6371A8FFD0EB}.Release|iPhoneSimulator.ActiveCfg = Release|Any CPU
		{C96D6751-D8B6-4D11-BA6F-6371A8FFD0EB}.Release|iPhoneSimulator.Build.0 = Release|Any CPU
		{C96D6751-D8B6-4D11-BA6F-6371A8FFD0EB}.Debug|iPhone.ActiveCfg = Debug|Any CPU
		{C96D6751-D8B6-4D11-BA6F-6371A8FFD0EB}.Debug|iPhone.Build.0 = Debug|Any CPU
		{C96D6751-D8B6-4D11-BA6F-6371A8FFD0EB}.Release|iPhone.ActiveCfg = Release|Any CPU
		{C96D6751-D8B6-4D11-BA6F-6371A8FFD0EB}.Release|iPhone.Build.0 = Release|Any CPU
		{C96D6751-D8B6-4D11-BA6F-6371A8FFD0EB}.Ad-Hoc|iPhone.ActiveCfg = Release|Any CPU
		{C96D6751-D8B6-4D11-BA6F-6371A8FFD0EB}.Ad-Hoc|iPhone.Build.0 = Release|Any CPU
		{C96D6751-D8B6-4D11-BA6F-6371A8FFD0EB}.AppStore|iPhone.ActiveCfg = Release|Any CPU
		{C96D6751-D8B6-4D11-BA6F-6371A8FFD0EB}.AppStore|iPhone.Build.0 = Release|Any CPU
		{D76C0BF4-85BB-40D7-A82E-9C8A74BAB169}.Debug|Any CPU.ActiveCfg = Debug|Any CPU
		{D76C0BF4-85BB-40D7-A82E-9C8A74BAB169}.Debug|Any CPU.Build.0 = Debug|Any CPU
		{D76C0BF4-85BB-40D7-A82E-9C8A74BAB169}.Release|Any CPU.ActiveCfg = Release|Any CPU
		{D76C0BF4-85BB-40D7-A82E-9C8A74BAB169}.Release|Any CPU.Build.0 = Release|Any CPU
		{D76C0BF4-85BB-40D7-A82E-9C8A74BAB169}.Debug|iPhoneSimulator.ActiveCfg = Debug|Any CPU
		{D76C0BF4-85BB-40D7-A82E-9C8A74BAB169}.Debug|iPhoneSimulator.Build.0 = Debug|Any CPU
		{D76C0BF4-85BB-40D7-A82E-9C8A74BAB169}.Release|iPhoneSimulator.ActiveCfg = Release|Any CPU
		{D76C0BF4-85BB-40D7-A82E-9C8A74BAB169}.Release|iPhoneSimulator.Build.0 = Release|Any CPU
		{D76C0BF4-85BB-40D7-A82E-9C8A74BAB169}.Debug|iPhone.ActiveCfg = Debug|Any CPU
		{D76C0BF4-85BB-40D7-A82E-9C8A74BAB169}.Debug|iPhone.Build.0 = Debug|Any CPU
		{D76C0BF4-85BB-40D7-A82E-9C8A74BAB169}.Release|iPhone.ActiveCfg = Release|Any CPU
		{D76C0BF4-85BB-40D7-A82E-9C8A74BAB169}.Release|iPhone.Build.0 = Release|Any CPU
		{D76C0BF4-85BB-40D7-A82E-9C8A74BAB169}.Ad-Hoc|iPhone.ActiveCfg = Release|Any CPU
		{D76C0BF4-85BB-40D7-A82E-9C8A74BAB169}.Ad-Hoc|iPhone.Build.0 = Release|Any CPU
		{D76C0BF4-85BB-40D7-A82E-9C8A74BAB169}.AppStore|iPhone.ActiveCfg = Release|Any CPU
		{D76C0BF4-85BB-40D7-A82E-9C8A74BAB169}.AppStore|iPhone.Build.0 = Release|Any CPU
		{63853807-0805-41E0-8B8A-F9C800DC41BA}.Debug|Any CPU.ActiveCfg = Debug|iPhoneSimulator
		{63853807-0805-41E0-8B8A-F9C800DC41BA}.Debug|Any CPU.Build.0 = Debug|iPhoneSimulator
		{63853807-0805-41E0-8B8A-F9C800DC41BA}.Release|Any CPU.ActiveCfg = Release|iPhoneSimulator
		{63853807-0805-41E0-8B8A-F9C800DC41BA}.Release|Any CPU.Build.0 = Release|iPhoneSimulator
		{63853807-0805-41E0-8B8A-F9C800DC41BA}.Debug|iPhoneSimulator.ActiveCfg = Debug|iPhoneSimulator
		{63853807-0805-41E0-8B8A-F9C800DC41BA}.Debug|iPhoneSimulator.Build.0 = Debug|iPhoneSimulator
		{63853807-0805-41E0-8B8A-F9C800DC41BA}.Release|iPhoneSimulator.ActiveCfg = Release|iPhoneSimulator
		{63853807-0805-41E0-8B8A-F9C800DC41BA}.Release|iPhoneSimulator.Build.0 = Release|iPhoneSimulator
		{63853807-0805-41E0-8B8A-F9C800DC41BA}.Debug|iPhone.ActiveCfg = Debug|iPhone
		{63853807-0805-41E0-8B8A-F9C800DC41BA}.Debug|iPhone.Build.0 = Debug|iPhone
		{63853807-0805-41E0-8B8A-F9C800DC41BA}.Release|iPhone.ActiveCfg = Release|iPhone
		{63853807-0805-41E0-8B8A-F9C800DC41BA}.Release|iPhone.Build.0 = Release|iPhone
		{63853807-0805-41E0-8B8A-F9C800DC41BA}.Ad-Hoc|iPhone.ActiveCfg = Release|iPhone
		{63853807-0805-41E0-8B8A-F9C800DC41BA}.Ad-Hoc|iPhone.Build.0 = Release|iPhone
		{63853807-0805-41E0-8B8A-F9C800DC41BA}.AppStore|iPhone.ActiveCfg = Release|iPhone
		{63853807-0805-41E0-8B8A-F9C800DC41BA}.AppStore|iPhone.Build.0 = Release|iPhone
		{79BD781B-589B-48DF-B46D-21B83C833FCA}.Debug|Any CPU.ActiveCfg = Debug|iPhoneSimulator
		{79BD781B-589B-48DF-B46D-21B83C833FCA}.Debug|Any CPU.Build.0 = Debug|iPhoneSimulator
		{79BD781B-589B-48DF-B46D-21B83C833FCA}.Release|Any CPU.ActiveCfg = Release|iPhoneSimulator
		{79BD781B-589B-48DF-B46D-21B83C833FCA}.Release|Any CPU.Build.0 = Release|iPhoneSimulator
		{79BD781B-589B-48DF-B46D-21B83C833FCA}.Debug|iPhoneSimulator.ActiveCfg = Debug|iPhoneSimulator
		{79BD781B-589B-48DF-B46D-21B83C833FCA}.Debug|iPhoneSimulator.Build.0 = Debug|iPhoneSimulator
		{79BD781B-589B-48DF-B46D-21B83C833FCA}.Release|iPhoneSimulator.ActiveCfg = Release|iPhoneSimulator
		{79BD781B-589B-48DF-B46D-21B83C833FCA}.Release|iPhoneSimulator.Build.0 = Release|iPhoneSimulator
		{79BD781B-589B-48DF-B46D-21B83C833FCA}.Debug|iPhone.ActiveCfg = Debug|iPhone
		{79BD781B-589B-48DF-B46D-21B83C833FCA}.Debug|iPhone.Build.0 = Debug|iPhone
		{79BD781B-589B-48DF-B46D-21B83C833FCA}.Release|iPhone.ActiveCfg = Release|iPhone
		{79BD781B-589B-48DF-B46D-21B83C833FCA}.Release|iPhone.Build.0 = Release|iPhone
		{79BD781B-589B-48DF-B46D-21B83C833FCA}.Ad-Hoc|iPhone.ActiveCfg = Release|iPhone
		{79BD781B-589B-48DF-B46D-21B83C833FCA}.Ad-Hoc|iPhone.Build.0 = Release|iPhone
		{79BD781B-589B-48DF-B46D-21B83C833FCA}.AppStore|iPhone.ActiveCfg = Release|iPhone
		{79BD781B-589B-48DF-B46D-21B83C833FCA}.AppStore|iPhone.Build.0 = Release|iPhone
		{1D563B8E-73B6-4CD0-B046-B77F6FAA4B7B}.Debug|Any CPU.ActiveCfg = Debug|iPhoneSimulator
		{1D563B8E-73B6-4CD0-B046-B77F6FAA4B7B}.Debug|Any CPU.Build.0 = Debug|iPhoneSimulator
		{1D563B8E-73B6-4CD0-B046-B77F6FAA4B7B}.Release|Any CPU.ActiveCfg = Release|iPhoneSimulator
		{1D563B8E-73B6-4CD0-B046-B77F6FAA4B7B}.Release|Any CPU.Build.0 = Release|iPhoneSimulator
		{1D563B8E-73B6-4CD0-B046-B77F6FAA4B7B}.Debug|iPhoneSimulator.ActiveCfg = Debug|iPhoneSimulator
		{1D563B8E-73B6-4CD0-B046-B77F6FAA4B7B}.Debug|iPhoneSimulator.Build.0 = Debug|iPhoneSimulator
		{1D563B8E-73B6-4CD0-B046-B77F6FAA4B7B}.Release|iPhoneSimulator.ActiveCfg = Release|iPhoneSimulator
		{1D563B8E-73B6-4CD0-B046-B77F6FAA4B7B}.Release|iPhoneSimulator.Build.0 = Release|iPhoneSimulator
		{1D563B8E-73B6-4CD0-B046-B77F6FAA4B7B}.Debug|iPhone.ActiveCfg = Debug|iPhone
		{1D563B8E-73B6-4CD0-B046-B77F6FAA4B7B}.Debug|iPhone.Build.0 = Debug|iPhone
		{1D563B8E-73B6-4CD0-B046-B77F6FAA4B7B}.Release|iPhone.ActiveCfg = Release|iPhone
		{1D563B8E-73B6-4CD0-B046-B77F6FAA4B7B}.Release|iPhone.Build.0 = Release|iPhone
		{1D563B8E-73B6-4CD0-B046-B77F6FAA4B7B}.Ad-Hoc|iPhone.ActiveCfg = Release|iPhone
		{1D563B8E-73B6-4CD0-B046-B77F6FAA4B7B}.Ad-Hoc|iPhone.Build.0 = Release|iPhone
		{1D563B8E-73B6-4CD0-B046-B77F6FAA4B7B}.AppStore|iPhone.ActiveCfg = Release|iPhone
		{1D563B8E-73B6-4CD0-B046-B77F6FAA4B7B}.AppStore|iPhone.Build.0 = Release|iPhone
		{690EF06A-88BD-405D-A7EA-06FE67D1F301}.Debug|Any CPU.ActiveCfg = Debug|Any CPU
		{690EF06A-88BD-405D-A7EA-06FE67D1F301}.Debug|Any CPU.Build.0 = Debug|Any CPU
		{690EF06A-88BD-405D-A7EA-06FE67D1F301}.Release|Any CPU.ActiveCfg = Release|Any CPU
		{690EF06A-88BD-405D-A7EA-06FE67D1F301}.Release|Any CPU.Build.0 = Release|Any CPU
		{690EF06A-88BD-405D-A7EA-06FE67D1F301}.Debug|iPhoneSimulator.ActiveCfg = Debug|Any CPU
		{690EF06A-88BD-405D-A7EA-06FE67D1F301}.Debug|iPhoneSimulator.Build.0 = Debug|Any CPU
		{690EF06A-88BD-405D-A7EA-06FE67D1F301}.Release|iPhoneSimulator.ActiveCfg = Release|Any CPU
		{690EF06A-88BD-405D-A7EA-06FE67D1F301}.Release|iPhoneSimulator.Build.0 = Release|Any CPU
		{690EF06A-88BD-405D-A7EA-06FE67D1F301}.Debug|iPhone.ActiveCfg = Debug|Any CPU
		{690EF06A-88BD-405D-A7EA-06FE67D1F301}.Debug|iPhone.Build.0 = Debug|Any CPU
		{690EF06A-88BD-405D-A7EA-06FE67D1F301}.Release|iPhone.ActiveCfg = Release|Any CPU
		{690EF06A-88BD-405D-A7EA-06FE67D1F301}.Release|iPhone.Build.0 = Release|Any CPU
		{690EF06A-88BD-405D-A7EA-06FE67D1F301}.Ad-Hoc|iPhone.ActiveCfg = Release|Any CPU
		{690EF06A-88BD-405D-A7EA-06FE67D1F301}.Ad-Hoc|iPhone.Build.0 = Release|Any CPU
		{690EF06A-88BD-405D-A7EA-06FE67D1F301}.AppStore|iPhone.ActiveCfg = Release|Any CPU
		{690EF06A-88BD-405D-A7EA-06FE67D1F301}.AppStore|iPhone.Build.0 = Release|Any CPU
	EndGlobalSection
	GlobalSection(NestedProjects) = preSolution
		{4701AAC0-5FAF-45A3-A849-1CB426125ADE} = {CDD3A720-32B3-4CAF-9654-C58995D0A07F}
		{3CC70D6A-C7BB-4F30-8954-B44E569F90AD} = {CDD3A720-32B3-4CAF-9654-C58995D0A07F}
		{BFB6834E-B800-4966-9E2F-F26E268BC307} = {39A6DED5-DB5E-4901-80F6-AF5799F1F295}
		{C42D4C05-0013-45DB-A4B1-5D3881EADC40} = {4701AAC0-5FAF-45A3-A849-1CB426125ADE}
		{BA24F059-374B-41F4-B97D-B5EC77EAD6DF} = {4701AAC0-5FAF-45A3-A849-1CB426125ADE}
		{5A889ABD-E957-4BE8-9109-EB2EDCADD398} = {4701AAC0-5FAF-45A3-A849-1CB426125ADE}
		{D54BADA9-1F9E-4853-9939-5E47BDA99784} = {3CC70D6A-C7BB-4F30-8954-B44E569F90AD}
		{375010A4-6FE3-4AAF-B14D-60786BB4425D} = {3CC70D6A-C7BB-4F30-8954-B44E569F90AD}
		{8E2736E4-A040-426B-87BD-464D2D47F034} = {3CC70D6A-C7BB-4F30-8954-B44E569F90AD}
		{7FD34293-893D-4E3C-BF70-8F10C7FC8126} = {0BB2F66B-D929-4CAC-96FE-812FF36D9B16}
		{B6F447E1-EB91-4EF1-9F9D-0207F992B04C} = {0BB2F66B-D929-4CAC-96FE-812FF36D9B16}
		{C96D6751-D8B6-4D11-BA6F-6371A8FFD0EB} = {0BB2F66B-D929-4CAC-96FE-812FF36D9B16}
		{D76C0BF4-85BB-40D7-A82E-9C8A74BAB169} = {AC5433B7-EC81-4ED0-BB0D-7B540C426901}
		{63853807-0805-41E0-8B8A-F9C800DC41BA} = {AC5433B7-EC81-4ED0-BB0D-7B540C426901}
		{79BD781B-589B-48DF-B46D-21B83C833FCA} = {AC5433B7-EC81-4ED0-BB0D-7B540C426901}
		{1D563B8E-73B6-4CD0-B046-B77F6FAA4B7B} = {AC5433B7-EC81-4ED0-BB0D-7B540C426901}
		{690EF06A-88BD-405D-A7EA-06FE67D1F301} = {AC5433B7-EC81-4ED0-BB0D-7B540C426901}
	EndGlobalSection
EndGlobal
